
Microsoft Visual Studio Solution File, Format Version 12.00
# Visual Studio Version 17
VisualStudioVersion = 17.7.34031.279
MinimumVisualStudioVersion = 10.0.40219.1
Project("{FAE04EC0-301F-11D3-BF4B-00C04F79EFBC}") = "job_insights_backend", "job_insights_backend\job_insights_backend.csproj", "{07C6D4DD-673D-401E-87CD-E8B3FEBA93FE}"
EndProject
Global
	GlobalSection(SolutionConfigurationPlatforms) = preSolution
		Debug|Any CPU = Debug|Any CPU
		Release|Any CPU = Release|Any CPU
	EndGlobalSection
	GlobalSection(ProjectConfigurationPlatforms) = postSolution
		{07C6D4DD-673D-401E-87CD-E8B3FEBA93FE}.Debug|Any CPU.ActiveCfg = Debug|Any CPU
		{07C6D4DD-673D-401E-87CD-E8B3FEBA93FE}.Debug|Any CPU.Build.0 = Debug|Any CPU
		{07C6D4DD-673D-401E-87CD-E8B3FEBA93FE}.Release|Any CPU.ActiveCfg = Release|Any CPU
		{07C6D4DD-673D-401E-87CD-E8B3FEBA93FE}.Release|Any CPU.Build.0 = Release|Any CPU
	EndGlobalSection
	GlobalSection(SolutionProperties) = preSolution
		HideSolutionNode = FALSE
	EndGlobalSection
	GlobalSection(ExtensibilityGlobals) = postSolution
		SolutionGuid = {DD74CD80-8D48-4930-90DA-7E13F3F63282}
	EndGlobalSection
EndGlobal
